
Microsoft Visual Studio Solution File, Format Version 12.00
# Visual Studio 15
VisualStudioVersion = 15.0.28307.645
MinimumVisualStudioVersion = 10.0.40219.1
Project("{FAE04EC0-301F-11D3-BF4B-00C04F79EFBC}") = "IEnumerableCompare", "IEnumerableCompare\IEnumerableCompare.csproj", "{58C1368B-F4CE-419E-9A46-8EFF477E07EE}"
EndProject
Project("{FAE04EC0-301F-11D3-BF4B-00C04F79EFBC}") = "IEnumerableCompare.UnitTests", "IEnumerableCompare.UnitTests\IEnumerableCompare.UnitTests.csproj", "{B25707AE-6F2A-4581-8799-76BD1F52E871}"
EndProject
Project("{FAE04EC0-301F-11D3-BF4B-00C04F79EFBC}") = "Samples", "Samples\Samples.csproj", "{0E024F2E-C141-4CE6-A9A6-642AB0A01DFE}"
EndProject
Global
	GlobalSection(SolutionConfigurationPlatforms) = preSolution
		Debug|Any CPU = Debug|Any CPU
		Release|Any CPU = Release|Any CPU
	EndGlobalSection
	GlobalSection(ProjectConfigurationPlatforms) = postSolution
		{58C1368B-F4CE-419E-9A46-8EFF477E07EE}.Debug|Any CPU.ActiveCfg = Debug|Any CPU
		{58C1368B-F4CE-419E-9A46-8EFF477E07EE}.Debug|Any CPU.Build.0 = Debug|Any CPU
		{58C1368B-F4CE-419E-9A46-8EFF477E07EE}.Release|Any CPU.ActiveCfg = Release|Any CPU
		{58C1368B-F4CE-419E-9A46-8EFF477E07EE}.Release|Any CPU.Build.0 = Release|Any CPU
		{B25707AE-6F2A-4581-8799-76BD1F52E871}.Debug|Any CPU.ActiveCfg = Debug|Any CPU
		{B25707AE-6F2A-4581-8799-76BD1F52E871}.Debug|Any CPU.Build.0 = Debug|Any CPU
		{B25707AE-6F2A-4581-8799-76BD1F52E871}.Release|Any CPU.ActiveCfg = Release|Any CPU
		{B25707AE-6F2A-4581-8799-76BD1F52E871}.Release|Any CPU.Build.0 = Release|Any CPU
		{0E024F2E-C141-4CE6-A9A6-642AB0A01DFE}.Debug|Any CPU.ActiveCfg = Debug|Any CPU
		{0E024F2E-C141-4CE6-A9A6-642AB0A01DFE}.Debug|Any CPU.Build.0 = Debug|Any CPU
		{0E024F2E-C141-4CE6-A9A6-642AB0A01DFE}.Release|Any CPU.ActiveCfg = Release|Any CPU
		{0E024F2E-C141-4CE6-A9A6-642AB0A01DFE}.Release|Any CPU.Build.0 = Release|Any CPU
	EndGlobalSection
	GlobalSection(SolutionProperties) = preSolution
		HideSolutionNode = FALSE
	EndGlobalSection
	GlobalSection(ExtensibilityGlobals) = postSolution
		SolutionGuid = {54D30F3A-8F90-4127-B501-8DCB42A7C7D4}
	EndGlobalSection
EndGlobal
