
Microsoft Visual Studio Solution File, Format Version 12.00
# Visual Studio 15
VisualStudioVersion = 15.0.28307.645
MinimumVisualStudioVersion = 10.0.40219.1
Project("{FAE04EC0-301F-11D3-BF4B-00C04F79EFBC}") = "Samples", "Samples\Samples.csproj", "{0E024F2E-C141-4CE6-A9A6-642AB0A01DFE}"
EndProject
Project("{9A19103F-16F7-4668-BE54-9A1E7A4F7556}") = "IEnumerableCorrelater", "IEnumerableCorrelater\IEnumerableCorrelater.csproj", "{368D983E-68AD-41C0-A04D-EAB04DA5306F}"
EndProject
Project("{9A19103F-16F7-4668-BE54-9A1E7A4F7556}") = "IEnumerableCorrelater.UnitTests", "IEnumerableCorrelater.UnitTests\IEnumerableCorrelater.UnitTests.csproj", "{817ED7B5-89D8-44B0-B123-B0D68C6F2912}"
EndProject
Global
	GlobalSection(SolutionConfigurationPlatforms) = preSolution
		Debug|Any CPU = Debug|Any CPU
		Release|Any CPU = Release|Any CPU
	EndGlobalSection
	GlobalSection(ProjectConfigurationPlatforms) = postSolution
		{0E024F2E-C141-4CE6-A9A6-642AB0A01DFE}.Debug|Any CPU.ActiveCfg = Debug|Any CPU
		{0E024F2E-C141-4CE6-A9A6-642AB0A01DFE}.Debug|Any CPU.Build.0 = Debug|Any CPU
		{0E024F2E-C141-4CE6-A9A6-642AB0A01DFE}.Release|Any CPU.ActiveCfg = Release|Any CPU
		{0E024F2E-C141-4CE6-A9A6-642AB0A01DFE}.Release|Any CPU.Build.0 = Release|Any CPU
		{368D983E-68AD-41C0-A04D-EAB04DA5306F}.Debug|Any CPU.ActiveCfg = Debug|Any CPU
		{368D983E-68AD-41C0-A04D-EAB04DA5306F}.Debug|Any CPU.Build.0 = Debug|Any CPU
		{368D983E-68AD-41C0-A04D-EAB04DA5306F}.Release|Any CPU.ActiveCfg = Release|Any CPU
		{368D983E-68AD-41C0-A04D-EAB04DA5306F}.Release|Any CPU.Build.0 = Release|Any CPU
		{817ED7B5-89D8-44B0-B123-B0D68C6F2912}.Debug|Any CPU.ActiveCfg = Debug|Any CPU
		{817ED7B5-89D8-44B0-B123-B0D68C6F2912}.Debug|Any CPU.Build.0 = Debug|Any CPU
		{817ED7B5-89D8-44B0-B123-B0D68C6F2912}.Release|Any CPU.ActiveCfg = Release|Any CPU
		{817ED7B5-89D8-44B0-B123-B0D68C6F2912}.Release|Any CPU.Build.0 = Release|Any CPU
	EndGlobalSection
	GlobalSection(SolutionProperties) = preSolution
		HideSolutionNode = FALSE
	EndGlobalSection
	GlobalSection(ExtensibilityGlobals) = postSolution
		SolutionGuid = {54D30F3A-8F90-4127-B501-8DCB42A7C7D4}
	EndGlobalSection
EndGlobal
